
Microsoft Visual Studio Solution File, Format Version 12.00
# Visual Studio Version 17
VisualStudioVersion = 17.11.35219.272
MinimumVisualStudioVersion = 10.0.40219.1
Project("{FAE04EC0-301F-11D3-BF4B-00C04F79EFBC}") = "RemisztoDolgozat_DAM", "RemisztoDolgozat_DAM\RemisztoDolgozat_DAM.csproj", "{9908552D-3C2D-4CC1-B673-89C4D68F90FB}"
EndProject
Global
	GlobalSection(SolutionConfigurationPlatforms) = preSolution
		Debug|Any CPU = Debug|Any CPU
		Release|Any CPU = Release|Any CPU
	EndGlobalSection
	GlobalSection(ProjectConfigurationPlatforms) = postSolution
		{9908552D-3C2D-4CC1-B673-89C4D68F90FB}.Debug|Any CPU.ActiveCfg = Debug|Any CPU
		{9908552D-3C2D-4CC1-B673-89C4D68F90FB}.Debug|Any CPU.Build.0 = Debug|Any CPU
		{9908552D-3C2D-4CC1-B673-89C4D68F90FB}.Release|Any CPU.ActiveCfg = Release|Any CPU
		{9908552D-3C2D-4CC1-B673-89C4D68F90FB}.Release|Any CPU.Build.0 = Release|Any CPU
	EndGlobalSection
	GlobalSection(SolutionProperties) = preSolution
		HideSolutionNode = FALSE
	EndGlobalSection
	GlobalSection(ExtensibilityGlobals) = postSolution
		SolutionGuid = {042D230B-3C90-4E77-9F76-266CF47B6CFD}
	EndGlobalSection
EndGlobal
